
Microsoft Visual Studio Solution File, Format Version 12.00
# Visual Studio Version 16
VisualStudioVersion = 16.0.32002.261
MinimumVisualStudioVersion = 10.0.40219.1
Project("{9A19103F-16F7-4668-BE54-9A1E7A4F7556}") = "Catalog.Api", "Catalog\Catalog.Api.csproj", "{EADD18CB-4EEB-4DD1-84F3-4B178C42DABC}"
EndProject
Global
	GlobalSection(SolutionConfigurationPlatforms) = preSolution
		Debug|Any CPU = Debug|Any CPU
		Release|Any CPU = Release|Any CPU
	EndGlobalSection
	GlobalSection(ProjectConfigurationPlatforms) = postSolution
		{EADD18CB-4EEB-4DD1-84F3-4B178C42DABC}.Debug|Any CPU.ActiveCfg = Debug|Any CPU
		{EADD18CB-4EEB-4DD1-84F3-4B178C42DABC}.Debug|Any CPU.Build.0 = Debug|Any CPU
		{EADD18CB-4EEB-4DD1-84F3-4B178C42DABC}.Release|Any CPU.ActiveCfg = Release|Any CPU
		{EADD18CB-4EEB-4DD1-84F3-4B178C42DABC}.Release|Any CPU.Build.0 = Release|Any CPU
	EndGlobalSection
	GlobalSection(SolutionProperties) = preSolution
		HideSolutionNode = FALSE
	EndGlobalSection
	GlobalSection(ExtensibilityGlobals) = postSolution
		SolutionGuid = {C279F003-6979-42F4-ADA6-F55109E8FCC5}
	EndGlobalSection
EndGlobal
