
Microsoft Visual Studio Solution File, Format Version 12.00
# Visual Studio Version 16
VisualStudioVersion = 16.0.32002.261
MinimumVisualStudioVersion = 10.0.40219.1
Project("{9A19103F-16F7-4668-BE54-9A1E7A4F7556}") = "Catalog.Api", "Catalog.Api.csproj", "{98E57C04-4D28-4878-99C3-CCCD4A172B2F}"
EndProject
Global
	GlobalSection(SolutionConfigurationPlatforms) = preSolution
		Debug|Any CPU = Debug|Any CPU
		Release|Any CPU = Release|Any CPU
	EndGlobalSection
	GlobalSection(ProjectConfigurationPlatforms) = postSolution
		{98E57C04-4D28-4878-99C3-CCCD4A172B2F}.Debug|Any CPU.ActiveCfg = Debug|Any CPU
		{98E57C04-4D28-4878-99C3-CCCD4A172B2F}.Debug|Any CPU.Build.0 = Debug|Any CPU
		{98E57C04-4D28-4878-99C3-CCCD4A172B2F}.Release|Any CPU.ActiveCfg = Release|Any CPU
		{98E57C04-4D28-4878-99C3-CCCD4A172B2F}.Release|Any CPU.Build.0 = Release|Any CPU
	EndGlobalSection
	GlobalSection(SolutionProperties) = preSolution
		HideSolutionNode = FALSE
	EndGlobalSection
	GlobalSection(ExtensibilityGlobals) = postSolution
		SolutionGuid = {14949CA9-F570-4B29-B56C-D2AFC7A982BB}
	EndGlobalSection
EndGlobal
